<?xml version="1.0" encoding="utf-8"?>
<Project ToolsVersion="4.0" xmlns="http://schemas.microsoft.com/developer/msbuild/2003">
  <ItemGroup>
    <Filter Include="Source Files">
      <UniqueIdentifier>{4FC737F1-C7A5-4376-A066-2A32D752A2FF}</UniqueIdentifier>
      <Extensions>cpp;c;cc;cxx;def;odl;idl;hpj;bat;asm;asmx</Extensions>
    </Filter>
    <Filter Include="Header Files">
      <UniqueIdentifier>{93995380-89BD-4b04-88EB-625FBE52EBFB}</UniqueIdentifier>
      <Extensions>h;hh;hpp;hxx;hm;inl;inc;xsd</Extensions>
    </Filter>
    <Filter Include="Resource Files">
      <UniqueIdentifier>{67DA6AB6-F800-4c08-8B7A-83BB121AAD01}</UniqueIdentifier>
      <Extensions>rc;ico;cur;bmp;dlg;rc2;rct;bin;rgs;gif;jpg;jpeg;jpe;resx;tiff;tif;png;wav;mfcribbon-ms</Extensions>
    </Filter>
  </ItemGroup>
  <ItemGroup>
    <ClCompile Include="Main.cpp">
      <Filter>Source Files</Filter>
    </ClCompile>
    <ClCompile Include="ECS\EntityManager.cpp">
      <Filter>Source Files</Filter>
    </ClCompile>
    <ClCompile Include="ECS\Entities.cpp">
      <Filter>Source Files</Filter>
    </ClCompile>
    <ClCompile Include="ECS\World.cpp">
      <Filter>Source Files</Filter>
    </ClCompile>
    <ClCompile Include="EntityFactory.cpp">
      <Filter>Source Files</Filter>
    </ClCompile>
    <ClCompile Include="ECS\Systems\MiningSystem.cpp">
      <Filter>Source Files</Filter>
    </ClCompile>
    <ClCompile Include="ECS\Systems\ai\MovementAiSystem.cpp">
      <Filter>Source Files</Filter>
    </ClCompile>
    <ClCompile Include="ECS\Systems\ai\MiningAi.cpp">
      <Filter>Source Files</Filter>
    </ClCompile>
    <ClCompile Include="ECS\Systems\ai\JobBoard.cpp">
      <Filter>Source Files</Filter>
    </ClCompile>
    <ClCompile Include="ECS\Systems\ai\AiWorkSystem.cpp">
      <Filter>Source Files</Filter>
    </ClCompile>
    <ClCompile Include="Map\Map.cpp">
      <Filter>Source Files</Filter>
    </ClCompile>
    <ClCompile Include="Map\Tile.cpp">
      <Filter>Source Files</Filter>
    </ClCompile>
    <ClCompile Include="Map\DijkstraMap.cpp">
      <Filter>Source Files</Filter>
    </ClCompile>
    <ClCompile Include="ECS\Systems\DijkstraSystems\DijkstraMapsHandler.cpp">
      <Filter>Source Files</Filter>
    </ClCompile>
    <ClCompile Include="ECS\Systems\EntityPositionCache.cpp">
      <Filter>Source Files</Filter>
    </ClCompile>
    <ClCompile Include="ECS\Systems\ai\EquipHandler.cpp">
      <Filter>Source Files</Filter>
    </ClCompile>
    <ClCompile Include="Map\Util.cpp">
      <Filter>Source Files</Filter>
    </ClCompile>
    <ClCompile Include="Map\Index.cpp">
      <Filter>Source Files</Filter>
    </ClCompile>
    <ClCompile Include="Drawing\draw.cpp">
      <Filter>Source Files</Filter>
    </ClCompile>
    <ClCompile Include="Raws\Lua.cpp">
      <Filter>Source Files</Filter>
    </ClCompile>
    <ClCompile Include="Raws\ItemRead.cpp">
      <Filter>Source Files</Filter>
    </ClCompile>
    <ClCompile Include="Raws\raws.cpp">
      <Filter>Source Files</Filter>
    </ClCompile>
    <ClCompile Include="Raws\FileReader.cpp">
      <Filter>Source Files</Filter>
    </ClCompile>
    <ClCompile Include="Raws\Materials.cpp">
      <Filter>Source Files</Filter>
    </ClCompile>
    <ClCompile Include="Map\building\regionBuilder.cpp">
      <Filter>Source Files</Filter>
    </ClCompile>
    <ClCompile Include="Helpers\FastNoise.cpp">
      <Filter>Source Files</Filter>
    </ClCompile>
    <ClCompile Include="Map\building\region\rocklayer.cpp">
      <Filter>Source Files</Filter>
    </ClCompile>
    <ClCompile Include="Map\building\region\place_creatures.cpp">
      <Filter>Source Files</Filter>
    </ClCompile>
    <ClCompile Include="Map\building\region\place_buildings.cpp">
      <Filter>Source Files</Filter>
    </ClCompile>
    <ClCompile Include="Raws\Buildings.cpp">
      <Filter>Source Files</Filter>
    </ClCompile>
    <ClCompile Include="ECS\Systems\ai\WorkOrders.cpp">
      <Filter>Source Files</Filter>
    </ClCompile>
    <ClCompile Include="ECS\Systems\ai\AiArchitecture.cpp">
      <Filter>Source Files</Filter>
    </ClCompile>
    <ClCompile Include="ECS\Systems\ai\BuildAi.cpp">
      <Filter>Source Files</Filter>
    </ClCompile>
    <ClCompile Include="ECS\Systems\helpers\ItemHelper.cpp">
      <Filter>Source Files</Filter>
    </ClCompile>
    <ClCompile Include="ECS\Systems\helpers\DesignationHandler.cpp">
      <Filter>Source Files</Filter>
    </ClCompile>
    <ClCompile Include="Helpers\PositionCache.cpp">
      <Filter>Source Files</Filter>
    </ClCompile>
    <ClCompile Include="ECS\Systems\RenderSystem.cpp">
      <Filter>Source Files</Filter>
    </ClCompile>
    <ClCompile Include="Raws\ReadReactions.cpp">
      <Filter>Source Files</Filter>
    </ClCompile>
    <ClCompile Include="Raws\DefInfo.cpp">
      <Filter>Source Files</Filter>
    </ClCompile>
    <ClCompile Include="ECS\Systems\helpers\WorkOrderHelper.cpp">
      <Filter>Source Files</Filter>
    </ClCompile>
    <ClCompile Include="ECS\Systems\ai\StockpileSystem.cpp">
      <Filter>Source Files</Filter>
    </ClCompile>
    <ClCompile Include="stdafx.cpp">
      <Filter>Source Files</Filter>
    </ClCompile>
    <ClCompile Include="ECS\Systems\ai\HaulingSystem.cpp">
      <Filter>Source Files</Filter>
    </ClCompile>
    <ClCompile Include="ECS\Systems\helpers\PathFinding.cpp">
      <Filter>Source Files</Filter>
    </ClCompile>
    <ClCompile Include="RunSystems.cpp">
      <Filter>Source Files</Filter>
    </ClCompile>
    <ClCompile Include="Raws\SkillReader.cpp">
      <Filter>Source Files</Filter>
    </ClCompile>
    <ClCompile Include="ECS\Components\Sentients\Stats.cpp">
      <Filter>Source Files</Filter>
    </ClCompile>
    <ClCompile Include="Map\World\Planet.cpp">
      <Filter>Source Files</Filter>
    </ClCompile>
    <ClCompile Include="Map\building\region\plant_trees.cpp">
      <Filter>Source Files</Filter>
    </ClCompile>
    <ClCompile Include="Helpers\pcg_basic.cpp">
      <Filter>Source Files</Filter>
    </ClCompile>
    <ClCompile Include="Helpers\Rng.cpp">
      <Filter>Source Files</Filter>
    </ClCompile>
    <ClCompile Include="ECS\Systems\ai\WoodcuttingAi.cpp">
      <Filter>Source Files</Filter>
    </ClCompile>
    <ClCompile Include="Raws\BiomeReader.cpp">
      <Filter>Source Files</Filter>
    </ClCompile>
    <ClCompile Include="Raws\ReadPlants.cpp">
      <Filter>Source Files</Filter>
    </ClCompile>
    <ClCompile Include="ECS\Components\Calender.cpp">
      <Filter>Source Files</Filter>
    </ClCompile>
    <ClCompile Include="Globals\global_calender.cpp">
      <Filter>Source Files</Filter>
    </ClCompile>
    <ClCompile Include="ECS\Systems\timebased\CalenderSystem.cpp">
      <Filter>Source Files</Filter>
    </ClCompile>
    <ClCompile Include="ECS\Systems\timebased\PlantSystem.cpp">
      <Filter>Source Files</Filter>
    </ClCompile>
    <ClCompile Include="ECS\Systems\ai\FarmingAi.cpp">
      <Filter>Source Files</Filter>
    </ClCompile>
    <ClCompile Include="ECS\Systems\ai\HarvestAi.cpp">
      <Filter>Source Files</Filter>
    </ClCompile>
    <ClCompile Include="Map\building\PlanetBuilding.cpp">
      <Filter>Source Files</Filter>
    </ClCompile>
    <ClCompile Include="Map\building\PlanetMapBuilder.cpp">
      <Filter>Source Files</Filter>
    </ClCompile>
    <ClCompile Include="Map\building\NoiseHelper.cpp">
      <Filter>Source Files</Filter>
    </ClCompile>
    <ClCompile Include="WorldGeneration.cpp">
      <Filter>Source Files</Filter>
    </ClCompile>
    <ClCompile Include="Map\building\BuildBiomes.cpp">
      <Filter>Source Files</Filter>
    </ClCompile>
    <ClCompile Include="dfr\colors.cpp">
      <Filter>Source Files</Filter>
    </ClCompile>
    <ClCompile Include="dfr\DwarfRender.cpp">
      <Filter>Source Files</Filter>
    </ClCompile>
    <ClCompile Include="dfr\FontManager.cpp">
      <Filter>Source Files</Filter>
    </ClCompile>
    <ClCompile Include="dfr\Inputs.cpp">
      <Filter>Source Files</Filter>
    </ClCompile>
    <ClCompile Include="dfr\Terminal.cpp">
      <Filter>Source Files</Filter>
    </ClCompile>
    <ClCompile Include="dfr\Textures.cpp">
      <Filter>Source Files</Filter>
    </ClCompile>
    <ClCompile Include="imgui.cpp">
      <Filter>Source Files</Filter>
    </ClCompile>
    <ClCompile Include="imgui_demo.cpp">
      <Filter>Source Files</Filter>
    </ClCompile>
    <ClCompile Include="imgui_draw.cpp">
      <Filter>Source Files</Filter>
    </ClCompile>
    <ClCompile Include="imgui-SFML.cpp">
      <Filter>Source Files</Filter>
    </ClCompile>
    <ClCompile Include="MainLoops\MainMenuLoop.cpp">
      <Filter>Source Files</Filter>
    </ClCompile>
    <ClCompile Include="Globals\MainFunction.cpp">
      <Filter>Source Files</Filter>
    </ClCompile>
    <ClCompile Include="MainLoops\WorldGenLoop.cpp">
      <Filter>Source Files</Filter>
    </ClCompile>
    <ClCompile Include="MainLoops\PlayGameLoop.cpp">
      <Filter>Source Files</Filter>
    </ClCompile>
    <ClCompile Include="Globals\GlobalWorld.cpp">
      <Filter>Source Files</Filter>
    </ClCompile>
    <ClCompile Include="Globals\game_states.cpp">
      <Filter>Source Files</Filter>
    </ClCompile>
    <ClCompile Include="RegisterComponents.cpp">
      <Filter>Source Files</Filter>
    </ClCompile>
    <ClCompile Include="Globals\DwarfContainer.cpp">
      <Filter>Source Files</Filter>
    </ClCompile>
    <ClCompile Include="Globals\Camera.cpp">
      <Filter>Source Files</Filter>
    </ClCompile>
    <ClCompile Include="ECS\Systems\Gui\MenuBar.cpp">
      <Filter>Source Files</Filter>
    </ClCompile>
    <ClCompile Include="ECS\Systems\Gui\CameraSystem.cpp">
      <Filter>Source Files</Filter>
    </ClCompile>
    <ClCompile Include="ECS\Systems\Gui\DesignBuilding.cpp">
      <Filter>Source Files</Filter>
    </ClCompile>
    <ClCompile Include="ECS\Systems\Gui\DesignMining.cpp">
      <Filter>Source Files</Filter>
    </ClCompile>
    <ClCompile Include="ECS\Systems\Gui\DesignWoodcutting.cpp">
      <Filter>Source Files</Filter>
    </ClCompile>
    <ClCompile Include="ECS\Systems\Gui\DesignWorkOrders.cpp">
      <Filter>Source Files</Filter>
    </ClCompile>
    <ClCompile Include="ECS\Systems\Gui\DesignArchitecture.cpp">
      <Filter>Source Files</Filter>
    </ClCompile>
    <ClCompile Include="ECS\Systems\Gui\DesignDevMode.cpp">
      <Filter>Source Files</Filter>
    </ClCompile>
    <ClCompile Include="ECS\Systems\Gui\DesignHarvest.cpp">
      <Filter>Source Files</Filter>
    </ClCompile>
    <ClCompile Include="imgui_tabs.cpp">
      <Filter>Source Files</Filter>
    </ClCompile>
    <ClCompile Include="dfr\DrawLayers.cpp">
      <Filter>Source Files</Filter>
    </ClCompile>
    <ClCompile Include="dfr\Layer.cpp">
      <Filter>Source Files</Filter>
    </ClCompile>
    <ClCompile Include="mouse.cpp">
      <Filter>Source Files</Filter>
    </ClCompile>
    <ClCompile Include="KeyDampener.cpp">
      <Filter>Source Files</Filter>
    </ClCompile>
    <ClCompile Include="Globals\GlobalTerminals.cpp">
      <Filter>Source Files</Filter>
    </ClCompile>
    <ClCompile Include="ECS\Systems\helpers\RegionHelper.cpp">
      <Filter>Source Files</Filter>
    </ClCompile>
    <ClCompile Include="ECS\Systems\Gui\JobPreferencesUi.cpp">
      <Filter>Source Files</Filter>
    </ClCompile>
    <ClCompile Include="ECS\Systems\Gui\DesignStockpiles.cpp">
      <Filter>Source Files</Filter>
    </ClCompile>
    <ClCompile Include="ECS\Systems\helpers\SeedsHelper.cpp">
      <Filter>Source Files</Filter>
    </ClCompile>
    <ClCompile Include="ECS\Systems\ai\FarmingClearAi.cpp">
      <Filter>Source Files</Filter>
    </ClCompile>
    <ClCompile Include="ECS\Systems\ai\FarmingSoilAi.cpp">
      <Filter>Source Files</Filter>
    </ClCompile>
    <ClCompile Include="ECS\Components\Seed.cpp">
      <Filter>Source Files</Filter>
    </ClCompile>
    <ClCompile Include="ECS\Components\Sentients\Inventory.cpp">
      <Filter>Source Files</Filter>
    </ClCompile>
    <ClCompile Include="HappinessSystem.cpp">
      <Filter>Source Files</Filter>
    </ClCompile>
    <ClCompile Include="ECS\Systems\helpers\BuildingHelper.cpp">
      <Filter>Source Files</Filter>
    </ClCompile>
    <ClCompile Include="ECS\Systems\Gui\DwarfInfoGui.cpp">
      <Filter>Source Files</Filter>
    </ClCompile>
    <ClCompile Include="ECS\Systems\ai\Needs\NeedsSystem.cpp">
      <Filter>Source Files</Filter>
    </ClCompile>
    <ClCompile Include="ECS\Systems\ai\Needs\SleepSystem.cpp">
      <Filter>Source Files</Filter>
    </ClCompile>
    <ClCompile Include="ECS\Systems\ai\Needs\EatFoodSystem.cpp">
      <Filter>Source Files</Filter>
    </ClCompile>
    <ClCompile Include="MainLoops\PickDwarvesLoop.cpp">
      <Filter>Source Files</Filter>
    </ClCompile>
    <ClCompile Include="ECS\Components\Quality.cpp">
      <Filter>Source Files</Filter>
    </ClCompile>
    <ClCompile Include="ECS\Systems\ai\Needs\JoySystem.cpp">
      <Filter>Source Files</Filter>
    </ClCompile>
    <ClCompile Include="Designations\Designations.cpp">
      <Filter>Source Files</Filter>
    </ClCompile>
    <ClCompile Include="Designations\WorkOrderDesignation.cpp">
      <Filter>Source Files</Filter>
    </ClCompile>
    <ClCompile Include="ECS\Components\Fighting\MeleeWeapon.cpp">
      <Filter>Source Files</Filter>
    </ClCompile>
    <ClCompile Include="ECS\Systems\ai\Combat\DraftedSystem.cpp">
      <Filter>Source Files</Filter>
    </ClCompile>
    <ClCompile Include="ECS\Components\Fighting\CombatBase.cpp">
      <Filter>Source Files</Filter>
    </ClCompile>
    <ClCompile Include="ECS\Systems\ai\Combat\ProcessAttacks.cpp">
      <Filter>Source Files</Filter>
    </ClCompile>
    <ClCompile Include="ECS\Systems\ai\Combat\DeathSystem.cpp">
      <Filter>Source Files</Filter>
    </ClCompile>
  </ItemGroup>
  <ItemGroup>
    <ClInclude Include="ECS\EntityManager.h">
      <Filter>Header Files</Filter>
    </ClInclude>
    <ClInclude Include="ECS\Systems.h">
      <Filter>Header Files</Filter>
    </ClInclude>
    <ClInclude Include="ECS\Component.h">
      <Filter>Header Files</Filter>
    </ClInclude>
    <ClInclude Include="ECS\TypeID.h">
      <Filter>Header Files</Filter>
    </ClInclude>
    <ClInclude Include="ECS\Entities.h">
      <Filter>Header Files</Filter>
    </ClInclude>
    <ClInclude Include="ECS\World.h">
      <Filter>Header Files</Filter>
    </ClInclude>
    <ClInclude Include="ECS\Filter.h">
      <Filter>Header Files</Filter>
    </ClInclude>
    <ClInclude Include="ECS\Components\PositionComponent.h">
      <Filter>Header Files</Filter>
    </ClInclude>
    <ClInclude Include="ECS\Components\RenderComponent.h">
      <Filter>Header Files</Filter>
    </ClInclude>
    <ClInclude Include="ECS\Systems\RenderSystem.h">
      <Filter>Header Files</Filter>
    </ClInclude>
    <ClInclude Include="ECS\Components\HealthComponent.h">
      <Filter>Header Files</Filter>
    </ClInclude>
    <ClInclude Include="BearLibTerminal.h">
      <Filter>Header Files</Filter>
    </ClInclude>
    <ClInclude Include="EntityFactory.h">
      <Filter>Header Files</Filter>
    </ClInclude>
    <ClInclude Include="ECS\Components\JobComponent.h">
      <Filter>Header Files</Filter>
    </ClInclude>
    <ClInclude Include="Coordinates.h">
      <Filter>Header Files</Filter>
    </ClInclude>
    <ClInclude Include="ECS\Components\MovementComponent.h">
      <Filter>Header Files</Filter>
    </ClInclude>
    <ClInclude Include="ECS\Systems\MovementSystem.h">
      <Filter>Header Files</Filter>
    </ClInclude>
    <ClInclude Include="ECS\Systems\MiningSystem.h">
      <Filter>Header Files</Filter>
    </ClInclude>
    <ClInclude Include="ECS\Systems\ai\MovementAiSystem.h">
      <Filter>Header Files</Filter>
    </ClInclude>
    <ClInclude Include="ECS\Systems\ai\WorkTemplate.h">
      <Filter>Header Files</Filter>
    </ClInclude>
    <ClInclude Include="ECS\Systems\ai\JobBoard.h">
      <Filter>Header Files</Filter>
    </ClInclude>
    <ClInclude Include="ECS\Systems\ai\AiWorkSystem.h">
      <Filter>Header Files</Filter>
    </ClInclude>
    <ClInclude Include="ECS\Components\Tags\MiningTag.h">
      <Filter>Header Files</Filter>
    </ClInclude>
    <ClInclude Include="ECS\Systems\ai\MiningAi.h">
      <Filter>Header Files</Filter>
    </ClInclude>
    <ClInclude Include="ECS\Messages\recalculate_mining_message.h">
      <Filter>Header Files</Filter>
    </ClInclude>
    <ClInclude Include="ECS\Messages\perform_mining_message.h">
      <Filter>Header Files</Filter>
    </ClInclude>
    <ClInclude Include="Map\Map.h">
      <Filter>Header Files</Filter>
    </ClInclude>
    <ClInclude Include="Map\Tile.h">
      <Filter>Header Files</Filter>
    </ClInclude>
    <ClInclude Include="Map\DijkstraMap.h">
      <Filter>Header Files</Filter>
    </ClInclude>
    <ClInclude Include="ECS\Systems\DijkstraSystems\DijkstraMapsHandler.h">
      <Filter>Header Files</Filter>
    </ClInclude>
    <ClInclude Include="ECS\Components\Item.h">
      <Filter>Header Files</Filter>
    </ClInclude>
    <ClInclude Include="ECS\Messages\pick_map_changed_message.h">
      <Filter>Header Files</Filter>
    </ClInclude>
    <ClInclude Include="Raws\Defs\ItemDefs.h">
      <Filter>Header Files</Filter>
    </ClInclude>
    <ClInclude Include="ECS\Components\ItemStored.h">
      <Filter>Header Files</Filter>
    </ClInclude>
    <ClInclude Include="ECS\Systems\EntityPositionCache.h">
      <Filter>Header Files</Filter>
    </ClInclude>
    <ClInclude Include="ECS\Messages\entity_moved_message.h">
      <Filter>Header Files</Filter>
    </ClInclude>
    <ClInclude Include="ECS\Messages\pickup_item_message.h">
      <Filter>Header Files</Filter>
    </ClInclude>
    <ClInclude Include="ECS\Messages\drop_item_message.h">
      <Filter>Header Files</Filter>
    </ClInclude>
    <ClInclude Include="ECS\Systems\ai\EquipHandler.h">
      <Filter>Header Files</Filter>
    </ClInclude>
    <ClInclude Include="ECS\Components\Sentients\Inventory.h">
      <Filter>Header Files</Filter>
    </ClInclude>
    <ClInclude Include="Map\Util.h">
      <Filter>Header Files</Filter>
    </ClInclude>
    <ClInclude Include="cereal\archives\adapters.hpp">
      <Filter>Header Files</Filter>
    </ClInclude>
    <ClInclude Include="cereal\archives\binary.hpp">
      <Filter>Header Files</Filter>
    </ClInclude>
    <ClInclude Include="cereal\archives\json.hpp">
      <Filter>Header Files</Filter>
    </ClInclude>
    <ClInclude Include="cereal\archives\portable_binary.hpp">
      <Filter>Header Files</Filter>
    </ClInclude>
    <ClInclude Include="cereal\archives\xml.hpp">
      <Filter>Header Files</Filter>
    </ClInclude>
    <ClInclude Include="cereal\details\helpers.hpp">
      <Filter>Header Files</Filter>
    </ClInclude>
    <ClInclude Include="cereal\details\polymorphic_impl.hpp">
      <Filter>Header Files</Filter>
    </ClInclude>
    <ClInclude Include="cereal\details\polymorphic_impl_fwd.hpp">
      <Filter>Header Files</Filter>
    </ClInclude>
    <ClInclude Include="cereal\details\static_object.hpp">
      <Filter>Header Files</Filter>
    </ClInclude>
    <ClInclude Include="cereal\details\traits.hpp">
      <Filter>Header Files</Filter>
    </ClInclude>
    <ClInclude Include="cereal\details\util.hpp">
      <Filter>Header Files</Filter>
    </ClInclude>
    <ClInclude Include="cereal\external\rapidjson\error\en.h">
      <Filter>Header Files</Filter>
    </ClInclude>
    <ClInclude Include="cereal\external\rapidjson\error\error.h">
      <Filter>Header Files</Filter>
    </ClInclude>
    <ClInclude Include="cereal\external\rapidjson\internal\biginteger.h">
      <Filter>Header Files</Filter>
    </ClInclude>
    <ClInclude Include="cereal\external\rapidjson\internal\diyfp.h">
      <Filter>Header Files</Filter>
    </ClInclude>
    <ClInclude Include="cereal\external\rapidjson\internal\dtoa.h">
      <Filter>Header Files</Filter>
    </ClInclude>
    <ClInclude Include="cereal\external\rapidjson\internal\ieee754.h">
      <Filter>Header Files</Filter>
    </ClInclude>
    <ClInclude Include="cereal\external\rapidjson\internal\itoa.h">
      <Filter>Header Files</Filter>
    </ClInclude>
    <ClInclude Include="cereal\external\rapidjson\internal\meta.h">
      <Filter>Header Files</Filter>
    </ClInclude>
    <ClInclude Include="cereal\external\rapidjson\internal\pow10.h">
      <Filter>Header Files</Filter>
    </ClInclude>
    <ClInclude Include="cereal\external\rapidjson\internal\regex.h">
      <Filter>Header Files</Filter>
    </ClInclude>
    <ClInclude Include="cereal\external\rapidjson\internal\stack.h">
      <Filter>Header Files</Filter>
    </ClInclude>
    <ClInclude Include="cereal\external\rapidjson\internal\strfunc.h">
      <Filter>Header Files</Filter>
    </ClInclude>
    <ClInclude Include="cereal\external\rapidjson\internal\strtod.h">
      <Filter>Header Files</Filter>
    </ClInclude>
    <ClInclude Include="cereal\external\rapidjson\internal\swap.h">
      <Filter>Header Files</Filter>
    </ClInclude>
    <ClInclude Include="cereal\external\rapidjson\msinttypes\inttypes.h">
      <Filter>Header Files</Filter>
    </ClInclude>
    <ClInclude Include="cereal\external\rapidjson\msinttypes\stdint.h">
      <Filter>Header Files</Filter>
    </ClInclude>
    <ClInclude Include="cereal\external\rapidjson\allocators.h">
      <Filter>Header Files</Filter>
    </ClInclude>
    <ClInclude Include="cereal\external\rapidjson\document.h">
      <Filter>Header Files</Filter>
    </ClInclude>
    <ClInclude Include="cereal\external\rapidjson\encodedstream.h">
      <Filter>Header Files</Filter>
    </ClInclude>
    <ClInclude Include="cereal\external\rapidjson\encodings.h">
      <Filter>Header Files</Filter>
    </ClInclude>
    <ClInclude Include="cereal\external\rapidjson\filereadstream.h">
      <Filter>Header Files</Filter>
    </ClInclude>
    <ClInclude Include="cereal\external\rapidjson\filewritestream.h">
      <Filter>Header Files</Filter>
    </ClInclude>
    <ClInclude Include="cereal\external\rapidjson\fwd.h">
      <Filter>Header Files</Filter>
    </ClInclude>
    <ClInclude Include="cereal\external\rapidjson\istreamwrapper.h">
      <Filter>Header Files</Filter>
    </ClInclude>
    <ClInclude Include="cereal\external\rapidjson\memorybuffer.h">
      <Filter>Header Files</Filter>
    </ClInclude>
    <ClInclude Include="cereal\external\rapidjson\memorystream.h">
      <Filter>Header Files</Filter>
    </ClInclude>
    <ClInclude Include="cereal\external\rapidjson\ostreamwrapper.h">
      <Filter>Header Files</Filter>
    </ClInclude>
    <ClInclude Include="cereal\external\rapidjson\pointer.h">
      <Filter>Header Files</Filter>
    </ClInclude>
    <ClInclude Include="cereal\external\rapidjson\prettywriter.h">
      <Filter>Header Files</Filter>
    </ClInclude>
    <ClInclude Include="cereal\external\rapidjson\rapidjson.h">
      <Filter>Header Files</Filter>
    </ClInclude>
    <ClInclude Include="cereal\external\rapidjson\reader.h">
      <Filter>Header Files</Filter>
    </ClInclude>
    <ClInclude Include="cereal\external\rapidjson\schema.h">
      <Filter>Header Files</Filter>
    </ClInclude>
    <ClInclude Include="cereal\external\rapidjson\stream.h">
      <Filter>Header Files</Filter>
    </ClInclude>
    <ClInclude Include="cereal\external\rapidjson\stringbuffer.h">
      <Filter>Header Files</Filter>
    </ClInclude>
    <ClInclude Include="cereal\external\rapidjson\writer.h">
      <Filter>Header Files</Filter>
    </ClInclude>
    <ClInclude Include="cereal\external\rapidxml\rapidxml.hpp">
      <Filter>Header Files</Filter>
    </ClInclude>
    <ClInclude Include="cereal\external\rapidxml\rapidxml_iterators.hpp">
      <Filter>Header Files</Filter>
    </ClInclude>
    <ClInclude Include="cereal\external\rapidxml\rapidxml_print.hpp">
      <Filter>Header Files</Filter>
    </ClInclude>
    <ClInclude Include="cereal\external\rapidxml\rapidxml_utils.hpp">
      <Filter>Header Files</Filter>
    </ClInclude>
    <ClInclude Include="cereal\external\base64.hpp">
      <Filter>Header Files</Filter>
    </ClInclude>
    <ClInclude Include="cereal\types\concepts\pair_associative_container.hpp">
      <Filter>Header Files</Filter>
    </ClInclude>
    <ClInclude Include="cereal\types\array.hpp">
      <Filter>Header Files</Filter>
    </ClInclude>
    <ClInclude Include="cereal\types\base_class.hpp">
      <Filter>Header Files</Filter>
    </ClInclude>
    <ClInclude Include="cereal\types\bitset.hpp">
      <Filter>Header Files</Filter>
    </ClInclude>
    <ClInclude Include="cereal\types\boost_variant.hpp">
      <Filter>Header Files</Filter>
    </ClInclude>
    <ClInclude Include="cereal\types\chrono.hpp">
      <Filter>Header Files</Filter>
    </ClInclude>
    <ClInclude Include="cereal\types\common.hpp">
      <Filter>Header Files</Filter>
    </ClInclude>
    <ClInclude Include="cereal\types\complex.hpp">
      <Filter>Header Files</Filter>
    </ClInclude>
    <ClInclude Include="cereal\types\deque.hpp">
      <Filter>Header Files</Filter>
    </ClInclude>
    <ClInclude Include="cereal\types\forward_list.hpp">
      <Filter>Header Files</Filter>
    </ClInclude>
    <ClInclude Include="cereal\types\functional.hpp">
      <Filter>Header Files</Filter>
    </ClInclude>
    <ClInclude Include="cereal\types\list.hpp">
      <Filter>Header Files</Filter>
    </ClInclude>
    <ClInclude Include="cereal\types\map.hpp">
      <Filter>Header Files</Filter>
    </ClInclude>
    <ClInclude Include="cereal\types\memory.hpp">
      <Filter>Header Files</Filter>
    </ClInclude>
    <ClInclude Include="cereal\types\polymorphic.hpp">
      <Filter>Header Files</Filter>
    </ClInclude>
    <ClInclude Include="cereal\types\queue.hpp">
      <Filter>Header Files</Filter>
    </ClInclude>
    <ClInclude Include="cereal\types\set.hpp">
      <Filter>Header Files</Filter>
    </ClInclude>
    <ClInclude Include="cereal\types\stack.hpp">
      <Filter>Header Files</Filter>
    </ClInclude>
    <ClInclude Include="cereal\types\string.hpp">
      <Filter>Header Files</Filter>
    </ClInclude>
    <ClInclude Include="cereal\types\tuple.hpp">
      <Filter>Header Files</Filter>
    </ClInclude>
    <ClInclude Include="cereal\types\unordered_map.hpp">
      <Filter>Header Files</Filter>
    </ClInclude>
    <ClInclude Include="cereal\types\unordered_set.hpp">
      <Filter>Header Files</Filter>
    </ClInclude>
    <ClInclude Include="cereal\types\utility.hpp">
      <Filter>Header Files</Filter>
    </ClInclude>
    <ClInclude Include="cereal\types\valarray.hpp">
      <Filter>Header Files</Filter>
    </ClInclude>
    <ClInclude Include="cereal\types\vector.hpp">
      <Filter>Header Files</Filter>
    </ClInclude>
    <ClInclude Include="cereal\access.hpp">
      <Filter>Header Files</Filter>
    </ClInclude>
    <ClInclude Include="cereal\cereal.hpp">
      <Filter>Header Files</Filter>
    </ClInclude>
    <ClInclude Include="cereal\macros.hpp">
      <Filter>Header Files</Filter>
    </ClInclude>
    <ClInclude Include="Map\Index.h">
      <Filter>Header Files</Filter>
    </ClInclude>
    <ClInclude Include="Drawing\draw.h">
      <Filter>Header Files</Filter>
    </ClInclude>
    <ClInclude Include="Raws\Lua.h">
      <Filter>Header Files</Filter>
    </ClInclude>
    <ClInclude Include="Raws\ItemRead.h">
      <Filter>Header Files</Filter>
    </ClInclude>
    <ClInclude Include="Raws\raws.h">
      <Filter>Header Files</Filter>
    </ClInclude>
    <ClInclude Include="Raws\FileReader.h">
      <Filter>Header Files</Filter>
    </ClInclude>
    <ClInclude Include="Raws\Defs\MaterialDef.h">
      <Filter>Header Files</Filter>
    </ClInclude>
    <ClInclude Include="Raws\Materials.h">
      <Filter>Header Files</Filter>
    </ClInclude>
    <ClInclude Include="Map\building\regionBuilder.h">
      <Filter>Header Files</Filter>
    </ClInclude>
    <ClInclude Include="Helpers\FastNoise.h">
      <Filter>Header Files</Filter>
    </ClInclude>
    <ClInclude Include="Map\building\region\rocklayer.h">
      <Filter>Header Files</Filter>
    </ClInclude>
    <ClInclude Include="Map\building\region\place_creatures.h">
      <Filter>Header Files</Filter>
    </ClInclude>
    <ClInclude Include="Map\building\region\place_buildings.h">
      <Filter>Header Files</Filter>
    </ClInclude>
    <ClInclude Include="Raws\Defs\BuildingDef.h">
      <Filter>Header Files</Filter>
    </ClInclude>
    <ClInclude Include="Raws\Buildings.h">
      <Filter>Header Files</Filter>
    </ClInclude>
    <ClInclude Include="Raws\ReactionInput.h">
      <Filter>Header Files</Filter>
    </ClInclude>
    <ClInclude Include="Raws\Reaction.h">
      <Filter>Header Files</Filter>
    </ClInclude>
    <ClInclude Include="ECS\Systems\ai\WorkOrders.h">
      <Filter>Header Files</Filter>
    </ClInclude>
    <ClInclude Include="ECS\Components\Tags\WorkOrderTag.h">
      <Filter>Header Files</Filter>
    </ClInclude>
    <ClInclude Include="ECS\Components\Tags\ArchitectTag.h">
      <Filter>Header Files</Filter>
    </ClInclude>
    <ClInclude Include="ECS\Systems\ai\AiArchitecture.h">
      <Filter>Header Files</Filter>
    </ClInclude>
    <ClInclude Include="ECS\Components\helpers\building_designation.h">
      <Filter>Header Files</Filter>
    </ClInclude>
    <ClInclude Include="ECS\Systems\ai\BuildAi.h">
      <Filter>Header Files</Filter>
    </ClInclude>
    <ClInclude Include="ECS\Components\Tags\BuilderTag.h">
      <Filter>Header Files</Filter>
    </ClInclude>
    <ClInclude Include="ECS\Systems\helpers\ItemHelper.h">
      <Filter>Header Files</Filter>
    </ClInclude>
    <ClInclude Include="ECS\Components\Claimed.h">
      <Filter>Header Files</Filter>
    </ClInclude>
    <ClInclude Include="ECS\Systems\helpers\DesignationHandler.h">
      <Filter>Header Files</Filter>
    </ClInclude>
    <ClInclude Include="ECS\Messages\designation_message.h">
      <Filter>Header Files</Filter>
    </ClInclude>
    <ClInclude Include="ECS\Messages\designate_building_message.h">
      <Filter>Header Files</Filter>
    </ClInclude>
    <ClInclude Include="ECS\Components\Building.h">
      <Filter>Header Files</Filter>
    </ClInclude>
    <ClInclude Include="Helpers\PositionCache.h">
      <Filter>Header Files</Filter>
    </ClInclude>
    <ClInclude Include="Drawing\vchar.h">
      <Filter>Header Files</Filter>
    </ClInclude>
    <ClInclude Include="ECS\Messages\render_changed_message.h">
      <Filter>Header Files</Filter>
    </ClInclude>
    <ClInclude Include="Raws\ReadReactions.h">
      <Filter>Header Files</Filter>
    </ClInclude>
    <ClInclude Include="Raws\DefInfo.h">
      <Filter>Header Files</Filter>
    </ClInclude>
    <ClInclude Include="ECS\Components\helpers\work_order_reaction.h">
      <Filter>Header Files</Filter>
    </ClInclude>
    <ClInclude Include="ECS\Systems\helpers\WorkOrderHelper.h">
      <Filter>Header Files</Filter>
    </ClInclude>
    <ClInclude Include="ECS\Systems\ai\StockpileSystem.h">
      <Filter>Header Files</Filter>
    </ClInclude>
    <ClInclude Include="ECS\Components\Stockpile.h">
      <Filter>Header Files</Filter>
    </ClInclude>
    <ClInclude Include="ECS\Components\ItemCarried.h">
      <Filter>Header Files</Filter>
    </ClInclude>
    <ClInclude Include="stdafx.h">
      <Filter>Header Files</Filter>
    </ClInclude>
    <ClInclude Include="ECS\Systems\ai\HaulingSystem.h">
      <Filter>Header Files</Filter>
    </ClInclude>
    <ClInclude Include="ECS\Components\Tags\HaulingTag.h">
      <Filter>Header Files</Filter>
    </ClInclude>
    <ClInclude Include="ECS\Systems\helpers\PathFinding.h">
      <Filter>Header Files</Filter>
    </ClInclude>
    <ClInclude Include="RunSystems.h">
      <Filter>Header Files</Filter>
    </ClInclude>
    <ClInclude Include="ECS\Messages\designate_architecture_message.h">
      <Filter>Header Files</Filter>
    </ClInclude>
    <ClInclude Include="ECS\Messages\block_map_changed_message.h">
      <Filter>Header Files</Filter>
    </ClInclude>
    <ClInclude Include="ECS\Messages\update_all_maps_message.h">
      <Filter>Header Files</Filter>
    </ClInclude>
    <ClInclude Include="Raws\SkillReader.h">
      <Filter>Header Files</Filter>
    </ClInclude>
    <ClInclude Include="ECS\Components\helpers\skill.h">
      <Filter>Header Files</Filter>
    </ClInclude>
    <ClInclude Include="ECS\Components\Sentients\Stats.h">
      <Filter>Header Files</Filter>
    </ClInclude>
    <ClInclude Include="Map\World\Planet.h">
      <Filter>Header Files</Filter>
    </ClInclude>
    <ClInclude Include="Map\building\region\plant_trees.h">
      <Filter>Header Files</Filter>
    </ClInclude>
    <ClInclude Include="Helpers\pcg_basic.h">
      <Filter>Header Files</Filter>
    </ClInclude>
    <ClInclude Include="Helpers\Rng.h">
      <Filter>Header Files</Filter>
    </ClInclude>
    <ClInclude Include="ECS\Systems\ai\WoodcuttingAi.h">
      <Filter>Header Files</Filter>
    </ClInclude>
    <ClInclude Include="ECS\Components\Tags\LumberjacTag.h">
      <Filter>Header Files</Filter>
    </ClInclude>
    <ClInclude Include="ECS\Messages\axemap_changed_message.h">
      <Filter>Header Files</Filter>
    </ClInclude>
    <ClInclude Include="Raws\Defs\BiomeDef.h">
      <Filter>Header Files</Filter>
    </ClInclude>
    <ClInclude Include="Raws\BiomeReader.h">
      <Filter>Header Files</Filter>
    </ClInclude>
    <ClInclude Include="ECS\Components\Quality.h">
      <Filter>Header Files</Filter>
    </ClInclude>
    <ClInclude Include="Raws\Defs\PlantDef.h">
      <Filter>Header Files</Filter>
    </ClInclude>
    <ClInclude Include="Raws\ReadPlants.h">
      <Filter>Header Files</Filter>
    </ClInclude>
    <ClInclude Include="ECS\Components\Calender.h">
      <Filter>Header Files</Filter>
    </ClInclude>
    <ClInclude Include="Globals\global_calender.h">
      <Filter>Header Files</Filter>
    </ClInclude>
    <ClInclude Include="ECS\Systems\timebased\CalenderSystem.h">
      <Filter>Header Files</Filter>
    </ClInclude>
    <ClInclude Include="ECS\Systems\timebased\PlantSystem.h">
      <Filter>Header Files</Filter>
    </ClInclude>
    <ClInclude Include="ECS\Components\Tags\PlantingTag.h">
      <Filter>Header Files</Filter>
    </ClInclude>
    <ClInclude Include="ECS\Components\Tags\HarvestTag.h">
      <Filter>Header Files</Filter>
    </ClInclude>
    <ClInclude Include="ECS\Systems\ai\HarvestAi.h">
      <Filter>Header Files</Filter>
    </ClInclude>
    <ClInclude Include="ECS\Systems\ai\FarmingAi.h">
      <Filter>Header Files</Filter>
    </ClInclude>
    <ClInclude Include="ECS\Messages\harvest_map_changed_message.h">
      <Filter>Header Files</Filter>
    </ClInclude>
    <ClInclude Include="Map\building\PlanetBuilding.h">
      <Filter>Header Files</Filter>
    </ClInclude>
    <ClInclude Include="Map\building\PlanetMapBuilder.h">
      <Filter>Header Files</Filter>
    </ClInclude>
    <ClInclude Include="Map\building\NoiseHelper.h">
      <Filter>Header Files</Filter>
    </ClInclude>
    <ClInclude Include="WorldGeneration.h">
      <Filter>Header Files</Filter>
    </ClInclude>
    <ClInclude Include="Map\building\BuildBiomes.h">
      <Filter>Header Files</Filter>
    </ClInclude>
    <ClInclude Include="dfr\colors.h">
      <Filter>Header Files</Filter>
    </ClInclude>
    <ClInclude Include="dfr\DwarfRender.h">
      <Filter>Header Files</Filter>
    </ClInclude>
    <ClInclude Include="dfr\FontManager.h">
      <Filter>Header Files</Filter>
    </ClInclude>
    <ClInclude Include="dfr\Inputs.h">
      <Filter>Header Files</Filter>
    </ClInclude>
    <ClInclude Include="dfr\Terminal.h">
      <Filter>Header Files</Filter>
    </ClInclude>
    <ClInclude Include="dfr\Textures.h">
      <Filter>Header Files</Filter>
    </ClInclude>
    <ClInclude Include="dfr\vchars.h">
      <Filter>Header Files</Filter>
    </ClInclude>
    <ClInclude Include="MainLoops\MainMenuLoop.h">
      <Filter>Header Files</Filter>
    </ClInclude>
    <ClInclude Include="Globals\MainFunction.h">
      <Filter>Header Files</Filter>
    </ClInclude>
    <ClInclude Include="MainLoops\WorldGenLoop.h">
      <Filter>Header Files</Filter>
    </ClInclude>
    <ClInclude Include="MainLoops\PlayGameLoop.h">
      <Filter>Header Files</Filter>
    </ClInclude>
    <ClInclude Include="Globals\GlobalWorld.h">
      <Filter>Header Files</Filter>
    </ClInclude>
    <ClInclude Include="Globals\game_states.h">
      <Filter>Header Files</Filter>
    </ClInclude>
    <ClInclude Include="RegisterComponents.h">
      <Filter>Header Files</Filter>
    </ClInclude>
    <ClInclude Include="Globals\DwarfContainer.h">
      <Filter>Header Files</Filter>
    </ClInclude>
    <ClInclude Include="Globals\Camera.h">
      <Filter>Header Files</Filter>
    </ClInclude>
    <ClInclude Include="ECS\Systems\Gui\MenuBar.h">
      <Filter>Header Files</Filter>
    </ClInclude>
    <ClInclude Include="ECS\Systems\Gui\CameraSystem.h">
      <Filter>Header Files</Filter>
    </ClInclude>
    <ClInclude Include="ECS\Systems\Gui\DesignWorkOrders.h">
      <Filter>Header Files</Filter>
    </ClInclude>
    <ClInclude Include="ECS\Systems\Gui\DesignBuilding.h">
      <Filter>Header Files</Filter>
    </ClInclude>
    <ClInclude Include="ECS\Systems\Gui\DesignMining.h">
      <Filter>Header Files</Filter>
    </ClInclude>
    <ClInclude Include="ECS\Systems\Gui\DesignWoodcutting.h">
      <Filter>Header Files</Filter>
    </ClInclude>
    <ClInclude Include="ECS\Systems\Gui\DesignArchitecture.h">
      <Filter>Header Files</Filter>
    </ClInclude>
    <ClInclude Include="ECS\Systems\Gui\DesignDevMode.h">
      <Filter>Header Files</Filter>
    </ClInclude>
    <ClInclude Include="ECS\Systems\Gui\DesignHarvest.h">
      <Filter>Header Files</Filter>
    </ClInclude>
    <ClInclude Include="ECS\Components\Sentients\AiWorkComponent.h">
      <Filter>Header Files</Filter>
    </ClInclude>
    <ClInclude Include="dfr\DrawLayers.h">
      <Filter>Header Files</Filter>
    </ClInclude>
    <ClInclude Include="dfr\Layer.h">
      <Filter>Header Files</Filter>
    </ClInclude>
    <ClInclude Include="mouse.h">
      <Filter>Header Files</Filter>
    </ClInclude>
    <ClInclude Include="KeyDampener.h">
      <Filter>Header Files</Filter>
    </ClInclude>
    <ClInclude Include="Globals\TexDefines.h">
      <Filter>Header Files</Filter>
    </ClInclude>
    <ClInclude Include="Globals\GlobalTerminals.h">
      <Filter>Header Files</Filter>
    </ClInclude>
    <ClInclude Include="ECS\Systems\helpers\RegionHelper.h">
      <Filter>Header Files</Filter>
    </ClInclude>
    <ClInclude Include="Helpers\MessageQueue.h">
      <Filter>Header Files</Filter>
    </ClInclude>
    <ClInclude Include="Globals\TypesOfActions.h">
      <Filter>Header Files</Filter>
    </ClInclude>
    <ClInclude Include="ECS\Systems\Gui\JobPreferencesUi.h">
      <Filter>Header Files</Filter>
    </ClInclude>
    <ClInclude Include="ECS\Systems\Gui\DesignStockpiles.h">
      <Filter>Header Files</Filter>
    </ClInclude>
    <ClInclude Include="ECS\Components\Seed.h">
      <Filter>Header Files</Filter>
    </ClInclude>
    <ClInclude Include="ECS\Messages\planting_map_changed_message.h">
      <Filter>Header Files</Filter>
    </ClInclude>
    <ClInclude Include="ECS\Systems\helpers\SeedsHelper.h">
      <Filter>Header Files</Filter>
    </ClInclude>
    <ClInclude Include="ECS\Components\Tags\FarmClearTag.h">
      <Filter>Header Files</Filter>
    </ClInclude>
    <ClInclude Include="ECS\Components\Tags\FarmSoilTag.h">
      <Filter>Header Files</Filter>
    </ClInclude>
    <ClInclude Include="ECS\Systems\ai\FarmingSoilAi.h">
      <Filter>Header Files</Filter>
    </ClInclude>
    <ClInclude Include="ECS\Systems\ai\FarmingClearAi.h">
      <Filter>Header Files</Filter>
    </ClInclude>
    <ClInclude Include="ECS\Messages\hoe_map_changed_message.h">
      <Filter>Header Files</Filter>
    </ClInclude>
    <ClInclude Include="ECS\Components\Sentients\Happiness.h">
      <Filter>Header Files</Filter>
    </ClInclude>
    <ClInclude Include="ECS\Components\Sentients\Needs.h">
      <Filter>Header Files</Filter>
    </ClInclude>
    <ClInclude Include="Raws\Defs\NeedDef.h">
      <Filter>Header Files</Filter>
    </ClInclude>
    <ClInclude Include="HappinessSystem.h">
      <Filter>Header Files</Filter>
    </ClInclude>
    <ClInclude Include="ECS\Components\Tags\SleepTag.h">
      <Filter>Header Files</Filter>
    </ClInclude>
    <ClInclude Include="ECS\Systems\helpers\BuildingHelper.h">
      <Filter>Header Files</Filter>
    </ClInclude>
    <ClInclude Include="ECS\Systems\Gui\DwarfInfoGui.h">
      <Filter>Header Files</Filter>
    </ClInclude>
    <ClInclude Include="ECS\Components\Tags\EatFoodTag.h">
      <Filter>Header Files</Filter>
    </ClInclude>
    <ClInclude Include="ECS\Systems\ai\Needs\NeedsSystem.h">
      <Filter>Header Files</Filter>
    </ClInclude>
    <ClInclude Include="ECS\Systems\ai\Needs\SleepSystem.h">
      <Filter>Header Files</Filter>
    </ClInclude>
    <ClInclude Include="ECS\Systems\ai\Needs\EatFoodSystem.h">
      <Filter>Header Files</Filter>
    </ClInclude>
    <ClInclude Include="MainLoops\PickDwarvesLoop.h">
      <Filter>Header Files</Filter>
    </ClInclude>
    <ClInclude Include="ECS\Components\Sentients\Thoughts.h">
      <Filter>Header Files</Filter>
    </ClInclude>
    <ClInclude Include="ECS\Systems\ai\Needs\JoySystem.h">
      <Filter>Header Files</Filter>
    </ClInclude>
    <ClInclude Include="ECS\Components\Tags\JoyTag.h">
      <Filter>Header Files</Filter>
    </ClInclude>
    <ClInclude Include="ECS\Components\Fighting\MeleeWeapon.h">
      <Filter>Header Files</Filter>
    </ClInclude>
    <ClInclude Include="Designations\Designations.h">
      <Filter>Header Files</Filter>
    </ClInclude>
    <ClInclude Include="Designations\WorkOrderDesignation.h">
      <Filter>Header Files</Filter>
    </ClInclude>
    <ClInclude Include="Designations\FarmDesignation.h">
      <Filter>Header Files</Filter>
    </ClInclude>
    <ClInclude Include="ECS\Components\Fighting\Drafted.h">
      <Filter>Header Files</Filter>
    </ClInclude>
    <ClInclude Include="ECS\Systems\ai\Combat\DraftedSystem.h">
      <Filter>Header Files</Filter>
    </ClInclude>
    <ClInclude Include="ECS\Systems\ai\Combat\CombatTemplate.h">
      <Filter>Header Files</Filter>
    </ClInclude>
    <ClInclude Include="ECS\Components\Fighting\CombatBase.h">
      <Filter>Header Files</Filter>
    </ClInclude>
    <ClInclude Include="ECS\Messages\damage_entity_message.h">
      <Filter>Header Files</Filter>
    </ClInclude>
    <ClInclude Include="ECS\Systems\ai\Combat\ProcessAttacks.h">
      <Filter>Header Files</Filter>
    </ClInclude>
    <ClInclude Include="ECS\Messages\something_died_message.h">
      <Filter>Header Files</Filter>
    </ClInclude>
    <ClInclude Include="ECS\Systems\ai\Combat\DeathSystem.h">
      <Filter>Header Files</Filter>
    </ClInclude>
  </ItemGroup>
  <ItemGroup>
    <None Include="cereal\external\rapidxml\manual.html" />
    <None Include="Raws\LuaDefs\items.lua" />
    <None Include="Raws\LuaDefs\items_tools.lua" />
    <None Include="Raws\LuaDefs\materials.lua" />
    <None Include="Raws\LuaDefs\render.lua" />
    <None Include="Raws\LuaDefs\items_raw.lua" />
    <None Include="Raws\LuaDefs\buildings_structures.lua" />
    <None Include="Raws\LuaDefs\buildings_mason.lua" />
    <None Include="Raws\LuaDefs\items_furniture.lua" />
    <None Include="Raws\LuaDefs\stockpiles.lua" />
    <None Include="Raws\LuaDefs\buildings_forge.lua" />
    <None Include="Raws\LuaDefs\attributes_skills.lua" />
    <None Include="Raws\LuaDefs\biomes.lua" />
    <None Include="Raws\LuaDefs\buildings_woodworking.lua" />
    <None Include="Raws\LuaDefs\plants.lua" />
    <None Include="Raws\LuaDefs\items_food.lua" />
    <None Include="Raws\LuaDefs\items_weapons.lua" />
  </ItemGroup>
  <ItemGroup>
    <Text Include="Raws\LuaDefs\index.txt" />
  </ItemGroup>
</Project>